
Microsoft Visual Studio Solution File, Format Version 12.00
# Visual Studio Version 16
VisualStudioVersion = 16.0.31605.320
MinimumVisualStudioVersion = 10.0.40219.1
Project("{FAE04EC0-301F-11D3-BF4B-00C04F79EFBC}") = "TheMovie.ConsoleApp", "TheMovie.ConsoleApp\TheMovie.ConsoleApp.csproj", "{036217E0-6BB4-401D-96FA-917EE763D6E3}"
EndProject
Project("{FAE04EC0-301F-11D3-BF4B-00C04F79EFBC}") = "TheMovie.Business", "TheMovie.Business\TheMovie.Business.csproj", "{52F2AB96-5C4F-46C1-85A8-F532173B4DFE}"
EndProject
Global
	GlobalSection(SolutionConfigurationPlatforms) = preSolution
		Debug|Any CPU = Debug|Any CPU
		Release|Any CPU = Release|Any CPU
	EndGlobalSection
	GlobalSection(ProjectConfigurationPlatforms) = postSolution
		{036217E0-6BB4-401D-96FA-917EE763D6E3}.Debug|Any CPU.ActiveCfg = Debug|Any CPU
		{036217E0-6BB4-401D-96FA-917EE763D6E3}.Debug|Any CPU.Build.0 = Debug|Any CPU
		{036217E0-6BB4-401D-96FA-917EE763D6E3}.Release|Any CPU.ActiveCfg = Release|Any CPU
		{036217E0-6BB4-401D-96FA-917EE763D6E3}.Release|Any CPU.Build.0 = Release|Any CPU
		{52F2AB96-5C4F-46C1-85A8-F532173B4DFE}.Debug|Any CPU.ActiveCfg = Debug|Any CPU
		{52F2AB96-5C4F-46C1-85A8-F532173B4DFE}.Debug|Any CPU.Build.0 = Debug|Any CPU
		{52F2AB96-5C4F-46C1-85A8-F532173B4DFE}.Release|Any CPU.ActiveCfg = Release|Any CPU
		{52F2AB96-5C4F-46C1-85A8-F532173B4DFE}.Release|Any CPU.Build.0 = Release|Any CPU
	EndGlobalSection
	GlobalSection(SolutionProperties) = preSolution
		HideSolutionNode = FALSE
	EndGlobalSection
	GlobalSection(ExtensibilityGlobals) = postSolution
		SolutionGuid = {646C605E-9CD6-4AF2-B50F-5721851375A9}
	EndGlobalSection
EndGlobal
